
Microsoft Visual Studio Solution File, Format Version 12.00
# Visual Studio Version 16
VisualStudioVersion = 16.0.30523.141
MinimumVisualStudioVersion = 10.0.40219.1
Project("{FAE04EC0-301F-11D3-BF4B-00C04F79EFBC}") = "sands-arena", "sands-arena.csproj", "{F79EC045-54C4-41C8-9BAB-0391D6D5224E}"
EndProject
Global
	GlobalSection(SolutionConfigurationPlatforms) = preSolution
		Debug|Any CPU = Debug|Any CPU
		Release|Any CPU = Release|Any CPU
	EndGlobalSection
	GlobalSection(ProjectConfigurationPlatforms) = postSolution
		{F79EC045-54C4-41C8-9BAB-0391D6D5224E}.Debug|Any CPU.ActiveCfg = Debug|Any CPU
		{F79EC045-54C4-41C8-9BAB-0391D6D5224E}.Debug|Any CPU.Build.0 = Debug|Any CPU
		{F79EC045-54C4-41C8-9BAB-0391D6D5224E}.Release|Any CPU.ActiveCfg = Release|Any CPU
		{F79EC045-54C4-41C8-9BAB-0391D6D5224E}.Release|Any CPU.Build.0 = Release|Any CPU
	EndGlobalSection
	GlobalSection(SolutionProperties) = preSolution
		HideSolutionNode = FALSE
	EndGlobalSection
	GlobalSection(ExtensibilityGlobals) = postSolution
		SolutionGuid = {71CECD0E-3603-4AC6-B6C0-9FF65776010B}
	EndGlobalSection
EndGlobal
